
Microsoft Visual Studio Solution File, Format Version 12.00
# Visual Studio Version 16
VisualStudioVersion = 16.0.30907.101
MinimumVisualStudioVersion = 10.0.40219.1
Project("{9A19103F-16F7-4668-BE54-9A1E7A4F7556}") = "Aldi Monitor", "Aldi Monitor.csproj", "{3907530E-CF9C-4277-B921-5654691CEB99}"
EndProject
Global
	GlobalSection(SolutionConfigurationPlatforms) = preSolution
		Debug|Any CPU = Debug|Any CPU
		Release|Any CPU = Release|Any CPU
	EndGlobalSection
	GlobalSection(ProjectConfigurationPlatforms) = postSolution
		{3907530E-CF9C-4277-B921-5654691CEB99}.Debug|Any CPU.ActiveCfg = Debug|Any CPU
		{3907530E-CF9C-4277-B921-5654691CEB99}.Debug|Any CPU.Build.0 = Debug|Any CPU
		{3907530E-CF9C-4277-B921-5654691CEB99}.Release|Any CPU.ActiveCfg = Release|Any CPU
		{3907530E-CF9C-4277-B921-5654691CEB99}.Release|Any CPU.Build.0 = Release|Any CPU
	EndGlobalSection
	GlobalSection(SolutionProperties) = preSolution
		HideSolutionNode = FALSE
	EndGlobalSection
	GlobalSection(ExtensibilityGlobals) = postSolution
		SolutionGuid = {DEDC59BA-F195-4AD6-BB79-A3CF8D36F430}
	EndGlobalSection
EndGlobal
